// !$*UTF8*$!
{
	archiveVersion = 1;
	classes = {
	};
	objectVersion = 46;
	objects = {

/* Begin PBXBuildFile section */
		63A3D3DA1EF59AAF009E7114 /* AppDelegate.swift in Sources */ = {isa = PBXBuildFile; fileRef = 63A3D3D91EF59AAF009E7114 /* AppDelegate.swift */; };
		63A3D3DC1EF59AAF009E7114 /* ViewController.swift in Sources */ = {isa = PBXBuildFile; fileRef = 63A3D3DB1EF59AAF009E7114 /* ViewController.swift */; };
		63A3D3DE1EF59AAF009E7114 /* Assets.xcassets in Resources */ = {isa = PBXBuildFile; fileRef = 63A3D3DD1EF59AAF009E7114 /* Assets.xcassets */; };
		63A3D3E11EF59AAF009E7114 /* Main.storyboard in Resources */ = {isa = PBXBuildFile; fileRef = 63A3D3DF1EF59AAF009E7114 /* Main.storyboard */; };
		63A3D3E91EF6EA93009E7114 /* ImagesBrowser.swift in Sources */ = {isa = PBXBuildFile; fileRef = 63A3D3E81EF6EA93009E7114 /* ImagesBrowser.swift */; };
/* End PBXBuildFile section */

/* Begin PBXFileReference section */
		63A3D3D61EF59AAF009E7114 /* DirectoryListner.app */ = {isa = PBXFileReference; explicitFileType = wrapper.application; includeInIndex = 0; path = DirectoryListner.app; sourceTree = BUILT_PRODUCTS_DIR; };
		63A3D3D91EF59AAF009E7114 /* AppDelegate.swift */ = {isa = PBXFileReference; lastKnownFileType = sourcecode.swift; path = AppDelegate.swift; sourceTree = "<group>"; };
		63A3D3DB1EF59AAF009E7114 /* ViewController.swift */ = {isa = PBXFileReference; lastKnownFileType = sourcecode.swift; path = ViewController.swift; sourceTree = "<group>"; };
		63A3D3DD1EF59AAF009E7114 /* Assets.xcassets */ = {isa = PBXFileReference; lastKnownFileType = folder.assetcatalog; path = Assets.xcassets; sourceTree = "<group>"; };
		63A3D3E01EF59AAF009E7114 /* Base */ = {isa = PBXFileReference; lastKnownFileType = file.storyboard; name = Base; path = Base.lproj/Main.storyboard; sourceTree = "<group>"; };
		63A3D3E21EF59AAF009E7114 /* Info.plist */ = {isa = PBXFileReference; lastKnownFileType = text.plist.xml; path = Info.plist; sourceTree = "<group>"; };
		63A3D3E81EF6EA93009E7114 /* ImagesBrowser.swift */ = {isa = PBXFileReference; fileEncoding = 4; lastKnownFileType = sourcecode.swift; path = ImagesBrowser.swift; sourceTree = "<group>"; };
		63E2B9E91F115972000D7B17 /* MtLruCache */ = {isa = PBXFileReference; lastKnownFileType = folder; name = MtLruCache; path = ../MtLruCache; sourceTree = "<group>"; };
		63E2B9EB1F1159B7000D7B17 /* MtLruCache.swift */ = {isa = PBXFileReference; lastKnownFileType = sourcecode.swift; name = MtLruCache.swift; path = ../MtLruCache/Sources/MtLruCache.swift; sourceTree = "<group>"; };
/* End PBXFileReference section */

/* Begin PBXFrameworksBuildPhase section */
		63A3D3D31EF59AAF009E7114 /* Frameworks */ = {
			isa = PBXFrameworksBuildPhase;
			buildActionMask = 2147483647;
			files = (
			);
			runOnlyForDeploymentPostprocessing = 0;
		};
/* End PBXFrameworksBuildPhase section */

/* Begin PBXGroup section */
		63A3D3CD1EF59AAF009E7114 = {
			isa = PBXGroup;
			children = (
				63A3D3D81EF59AAF009E7114 /* DirectoryListner */,
				63A3D3D71EF59AAF009E7114 /* Products */,
				63E2B9E81F115972000D7B17 /* Frameworks */,
			);
			sourceTree = "<group>";
		};
		63A3D3D71EF59AAF009E7114 /* Products */ = {
			isa = PBXGroup;
			children = (
				63A3D3D61EF59AAF009E7114 /* DirectoryListner.app */,
			);
			name = Products;
			sourceTree = "<group>";
		};
		63A3D3D81EF59AAF009E7114 /* DirectoryListner */ = {
			isa = PBXGroup;
			children = (
				63A3D3E81EF6EA93009E7114 /* ImagesBrowser.swift */,
				63A3D3D91EF59AAF009E7114 /* AppDelegate.swift */,
				63A3D3DB1EF59AAF009E7114 /* ViewController.swift */,
				63A3D3DD1EF59AAF009E7114 /* Assets.xcassets */,
				63A3D3DF1EF59AAF009E7114 /* Main.storyboard */,
				63A3D3E21EF59AAF009E7114 /* Info.plist */,
			);
			path = DirectoryListner;
			sourceTree = "<group>";
		};
		63E2B9E81F115972000D7B17 /* Frameworks */ = {
			isa = PBXGroup;
			children = (
				63E2B9EB1F1159B7000D7B17 /* MtLruCache.swift */,
				63E2B9E91F115972000D7B17 /* MtLruCache */,
			);
			name = Frameworks;
			sourceTree = "<group>";
		};
/* End PBXGroup section */

/* Begin PBXNativeTarget section */
		63A3D3D51EF59AAF009E7114 /* DirectoryListner */ = {
			isa = PBXNativeTarget;
			buildConfigurationList = 63A3D3E51EF59AAF009E7114 /* Build configuration list for PBXNativeTarget "DirectoryListner" */;
			buildPhases = (
				63A3D3D21EF59AAF009E7114 /* Sources */,
				63A3D3D31EF59AAF009E7114 /* Frameworks */,
				63A3D3D41EF59AAF009E7114 /* Resources */,
			);
			buildRules = (
			);
			dependencies = (
			);
			name = DirectoryListner;
			productName = DirectoryListner;
			productReference = 63A3D3D61EF59AAF009E7114 /* DirectoryListner.app */;
			productType = "com.apple.product-type.application";
		};
/* End PBXNativeTarget section */

/* Begin PBXProject section */
		63A3D3CE1EF59AAF009E7114 /* Project object */ = {
			isa = PBXProject;
			attributes = {
				LastSwiftUpdateCheck = 0830;
				LastUpgradeCheck = 0830;
				ORGANIZATIONNAME = "Andrey Mescheryakov";
				TargetAttributes = {
					63A3D3D51EF59AAF009E7114 = {
						CreatedOnToolsVersion = 8.3.3;
						ProvisioningStyle = Automatic;
					};
				};
			};
			buildConfigurationList = 63A3D3D11EF59AAF009E7114 /* Build configuration list for PBXProject "DirectoryListner" */;
			compatibilityVersion = "Xcode 3.2";
			developmentRegion = English;
			hasScannedForEncodings = 0;
			knownRegions = (
				en,
				Base,
			);
			mainGroup = 63A3D3CD1EF59AAF009E7114;
			productRefGroup = 63A3D3D71EF59AAF009E7114 /* Products */;
			projectDirPath = "";
			projectRoot = "";
			targets = (
				63A3D3D51EF59AAF009E7114 /* DirectoryListner */,
			);
		};
/* End PBXProject section */

/* Begin PBXResourcesBuildPhase section */
		63A3D3D41EF59AAF009E7114 /* Resources */ = {
			isa = PBXResourcesBuildPhase;
			buildActionMask = 2147483647;
			files = (
				63A3D3DE1EF59AAF009E7114 /* Assets.xcassets in Resources */,
				63A3D3E11EF59AAF009E7114 /* Main.storyboard in Resources */,
			);
			runOnlyForDeploymentPostprocessing = 0;
		};
/* End PBXResourcesBuildPhase section */

/* Begin PBXSourcesBuildPhase section */
		63A3D3D21EF59AAF009E7114 /* Sources */ = {
			isa = PBXSourcesBuildPhase;
			buildActionMask = 2147483647;
			files = (
				63A3D3DC1EF59AAF009E7114 /* ViewController.swift in Sources */,
				63A3D3DA1EF59AAF009E7114 /* AppDelegate.swift in Sources */,
				63A3D3E91EF6EA93009E7114 /* ImagesBrowser.swift in Sources */,
			);
			runOnlyForDeploymentPostprocessing = 0;
		};
/* End PBXSourcesBuildPhase section */

/* Begin PBXVariantGroup section */
		63A3D3DF1EF59AAF009E7114 /* Main.storyboard */ = {
			isa = PBXVariantGroup;
			children = (
				63A3D3E01EF59AAF009E7114 /* Base */,
			);
			name = Main.storyboard;
			sourceTree = "<group>";
		};
/* End PBXVariantGroup section */

/* Begin XCBuildConfiguration section */
		63A3D3E31EF59AAF009E7114 /* Debug */ = {
			isa = XCBuildConfiguration;
			buildSettings = {
				ALWAYS_SEARCH_USER_PATHS = NO;
				CLANG_ANALYZER_NONNULL = YES;
				CLANG_ANALYZER_NUMBER_OBJECT_CONVERSION = YES_AGGRESSIVE;
				CLANG_CXX_LANGUAGE_STANDARD = "gnu++0x";
				CLANG_CXX_LIBRARY = "libc++";
				CLANG_ENABLE_MODULES = YES;
				CLANG_ENABLE_OBJC_ARC = YES;
				CLANG_WARN_BOOL_CONVERSION = YES;
				CLANG_WARN_CONSTANT_CONVERSION = YES;
				CLANG_WARN_DIRECT_OBJC_ISA_USAGE = YES_ERROR;
				CLANG_WARN_DOCUMENTATION_COMMENTS = YES;
				CLANG_WARN_EMPTY_BODY = YES;
				CLANG_WARN_ENUM_CONVERSION = YES;
				CLANG_WARN_INFINITE_RECURSION = YES;
				CLANG_WARN_INT_CONVERSION = YES;
				CLANG_WARN_OBJC_ROOT_CLASS = YES_ERROR;
				CLANG_WARN_SUSPICIOUS_MOVE = YES;
				CLANG_WARN_UNREACHABLE_CODE = YES;
				CLANG_WARN__DUPLICATE_METHOD_MATCH = YES;
				CODE_SIGN_IDENTITY = "-";
				COPY_PHASE_STRIP = NO;
				DEBUG_INFORMATION_FORMAT = dwarf;
				ENABLE_STRICT_OBJC_MSGSEND = YES;
				ENABLE_TESTABILITY = YES;
				GCC_C_LANGUAGE_STANDARD = gnu99;
				GCC_DYNAMIC_NO_PIC = NO;
				GCC_NO_COMMON_BLOCKS = YES;
				GCC_OPTIMIZATION_LEVEL = 0;
				GCC_PREPROCESSOR_DEFINITIONS = (
					"DEBUG=1",
					"$(inherited)",
				);
				GCC_WARN_64_TO_32_BIT_CONVERSION = YES;
				GCC_WARN_ABOUT_RETURN_TYPE = YES_ERROR;
				GCC_WARN_UNDECLARED_SELECTOR = YES;
				GCC_WARN_UNINITIALIZED_AUTOS = YES_AGGRESSIVE;
				GCC_WARN_UNUSED_FUNCTION = YES;
				GCC_WARN_UNUSED_VARIABLE = YES;
				MACOSX_DEPLOYMENT_TARGET = 10.12;
				MTL_ENABLE_DEBUG_INFO = YES;
				ONLY_ACTIVE_ARCH = YES;
				SDKROOT = macosx;
				SWIFT_ACTIVE_COMPILATION_CONDITIONS = DEBUG;
				SWIFT_OPTIMIZATION_LEVEL = "-Onone";
			};
			name = Debug;
		};
		63A3D3E41EF59AAF009E7114 /* Release */ = {
			isa = XCBuildConfiguration;
			buildSettings = {
				ALWAYS_SEARCH_USER_PATHS = NO;
				CLANG_ANALYZER_NONNULL = YES;
				CLANG_ANALYZER_NUMBER_OBJECT_CONVERSION = YES_AGGRESSIVE;
				CLANG_CXX_LANGUAGE_STANDARD = "gnu++0x";
				CLANG_CXX_LIBRARY = "libc++";
				CLANG_ENABLE_MODULES = YES;
				CLANG_ENABLE_OBJC_ARC = YES;
				CLANG_WARN_BOOL_CONVERSION = YES;
				CLANG_WARN_CONSTANT_CONVERSION = YES;
				CLANG_WARN_DIRECT_OBJC_ISA_USAGE = YES_ERROR;
				CLANG_WARN_DOCUMENTATION_COMMENTS = YES;
				CLANG_WARN_EMPTY_BODY = YES;
				CLANG_WARN_ENUM_CONVERSION = YES;
				CLANG_WARN_INFINITE_RECURSION = YES;
				CLANG_WARN_INT_CONVERSION = YES;
				CLANG_WARN_OBJC_ROOT_CLASS = YES_ERROR;
				CLANG_WARN_SUSPICIOUS_MOVE = YES;
				CLANG_WARN_UNREACHABLE_CODE = YES;
				CLANG_WARN__DUPLICATE_METHOD_MATCH = YES;
				CODE_SIGN_IDENTITY = "-";
				COPY_PHASE_STRIP = NO;
				DEBUG_INFORMATION_FORMAT = "dwarf-with-dsym";
				ENABLE_NS_ASSERTIONS = NO;
				ENABLE_STRICT_OBJC_MSGSEND = YES;
				GCC_C_LANGUAGE_STANDARD = gnu99;
				GCC_NO_COMMON_BLOCKS = YES;
				GCC_WARN_64_TO_32_BIT_CONVERSION = YES;
				GCC_WARN_ABOUT_RETURN_TYPE = YES_ERROR;
				GCC_WARN_UNDECLARED_SELECTOR = YES;
				GCC_WARN_UNINITIALIZED_AUTOS = YES_AGGRESSIVE;
				GCC_WARN_UNUSED_FUNCTION = YES;
				GCC_WARN_UNUSED_VARIABLE = YES;
				MACOSX_DEPLOYMENT_TARGET = 10.12;
				MTL_ENABLE_DEBUG_INFO = NO;
				SDKROOT = macosx;
				SWIFT_OPTIMIZATION_LEVEL = "-Owholemodule";
			};
			name = Release;
		};
		63A3D3E61EF59AAF009E7114 /* Debug */ = {
			isa = XCBuildConfiguration;
			buildSettings = {
				ASSETCATALOG_COMPILER_APPICON_NAME = AppIcon;
				COMBINE_HIDPI_IMAGES = YES;
				INFOPLIST_FILE = DirectoryListner/Info.plist;
				LD_RUNPATH_SEARCH_PATHS = "$(inherited) @executable_path/../Frameworks";
				PRODUCT_BUNDLE_IDENTIFIER = andrey.mescheryakov.DirectoryListner;
				PRODUCT_NAME = "$(TARGET_NAME)";
				SWIFT_VERSION = 3.0;
			};
			name = Debug;
		};
		63A3D3E71EF59AAF009E7114 /* Release */ = {
			isa = XCBuildConfiguration;
			buildSettings = {
				ASSETCATALOG_COMPILER_APPICON_NAME = AppIcon;
				COMBINE_HIDPI_IMAGES = YES;
				INFOPLIST_FILE = DirectoryListner/Info.plist;
				LD_RUNPATH_SEARCH_PATHS = "$(inherited) @executable_path/../Frameworks";
				PRODUCT_BUNDLE_IDENTIFIER = andrey.mescheryakov.DirectoryListner;
				PRODUCT_NAME = "$(TARGET_NAME)";
				SWIFT_VERSION = 3.0;
			};
			name = Release;
		};
/* End XCBuildConfiguration section */

/* Begin XCConfigurationList section */
		63A3D3D11EF59AAF009E7114 /* Build configuration list for PBXProject "DirectoryListner" */ = {
			isa = XCConfigurationList;
			buildConfigurations = (
				63A3D3E31EF59AAF009E7114 /* Debug */,
				63A3D3E41EF59AAF009E7114 /* Release */,
			);
			defaultConfigurationIsVisible = 0;
			defaultConfigurationName = Release;
		};
		63A3D3E51EF59AAF009E7114 /* Build configuration list for PBXNativeTarget "DirectoryListner" */ = {
			isa = XCConfigurationList;
			buildConfigurations = (
				63A3D3E61EF59AAF009E7114 /* Debug */,
				63A3D3E71EF59AAF009E7114 /* Release */,
			);
			defaultConfigurationIsVisible = 0;
			defaultConfigurationName = Release;
		};
/* End XCConfigurationList section */
	};
	rootObject = 63A3D3CE1EF59AAF009E7114 /* Project object */;
}
